<?xml version="1.0" encoding="UTF-8"?>
<Scheme
   LastUpgradeVersion = "0700"
   version = "1.3">
   <BuildAction
      parallelizeBuildables = "YES"
      buildImplicitDependencies = "YES">
      <BuildActionEntries>
         <BuildActionEntry
            buildForTesting = "YES"
            buildForRunning = "YES"
            buildForProfiling = "YES"
            buildForArchiving = "YES"
            buildForAnalyzing = "YES">
            <BuildableReference
               BuildableIdentifier = "primary"
               BlueprintIdentifier = "BC05D09B1D4308AB00D9D6F3"
               BuildableName = "&#x84dd;&#x7259;One.app"
               BlueprintName = "&#x84dd;&#x7259;One"
               ReferencedContainer = "container:&#x84dd;&#x7259;One.xcodeproj">
            </BuildableReference>
         </BuildActionEntry>
      </BuildActionEntries>
   </BuildAction>
   <TestAction
      buildConfiguration = "Debug"
      selectedDebuggerIdentifier = "Xcode.DebuggerFoundation.Debugger.LLDB"
      selectedLauncherIdentifier = "Xcode.DebuggerFoundation.Launcher.LLDB"
      shouldUseLaunchSchemeArgsEnv = "YES">
      <Testables>
         <TestableReference
            skipped = "NO">
            <BuildableReference
               BuildableIdentifier = "primary"
               BlueprintIdentifier = "BC05D0B41D4308AB00D9D6F3"
               BuildableName = "&#x84dd;&#x7259;OneTests.xctest"
               BlueprintName = "&#x84dd;&#x7259;OneTests"
               ReferencedContainer = "container:&#x84dd;&#x7259;One.xcodeproj">
            </BuildableReference>
         </TestableReference>
         <TestableReference
            skipped = "NO">
            <BuildableReference
               BuildableIdentifier = "primary"
               BlueprintIdentifier = "BC05D0BF1D4308AB00D9D6F3"
               BuildableName = "&#x84dd;&#x7259;OneUITests.xctest"
               BlueprintName = "&#x84dd;&#x7259;OneUITests"
               ReferencedContainer = "container:&#x84dd;&#x7259;One.xcodeproj">
            </BuildableReference>
         </TestableReference>
      </Testables>
      <MacroExpansion>
         <BuildableReference
            BuildableIdentifier = "primary"
            BlueprintIdentifier = "BC05D09B1D4308AB00D9D6F3"
            BuildableName = "&#x84dd;&#x7259;One.app"
            BlueprintName = "&#x84dd;&#x7259;One"
            ReferencedContainer = "container:&#x84dd;&#x7259;One.xcodeproj">
         </BuildableReference>
      </MacroExpansion>
      <AdditionalOptions>
      </AdditionalOptions>
   </TestAction>
   <LaunchAction
      buildConfiguration = "Debug"
      selectedDebuggerIdentifier = "Xcode.DebuggerFoundation.Debugger.LLDB"
      selectedLauncherIdentifier = "Xcode.DebuggerFoundation.Launcher.LLDB"
      launchStyle = "0"
      useCustomWorkingDirectory = "NO"
      ignoresPersistentStateOnLaunch = "NO"
      debugDocumentVersioning = "YES"
      debugServiceExtension = "internal"
      allowLocationSimulation = "YES">
      <BuildableProductRunnable
         runnableDebuggingMode = "0">
         <BuildableReference
            BuildableIdentifier = "primary"
            BlueprintIdentifier = "BC05D09B1D4308AB00D9D6F3"
            BuildableName = "&#x84dd;&#x7259;One.app"
            BlueprintName = "&#x84dd;&#x7259;One"
            ReferencedContainer = "container:&#x84dd;&#x7259;One.xcodeproj">
         </BuildableReference>
      </BuildableProductRunnable>
      <AdditionalOptions>
      </AdditionalOptions>
   </LaunchAction>
   <ProfileAction
      buildConfiguration = "Release"
      shouldUseLaunchSchemeArgsEnv = "YES"
      savedToolIdentifier = ""
      useCustomWorkingDirectory = "NO"
      debugDocumentVersioning = "YES">
      <BuildableProductRunnable
         runnableDebuggingMode = "0">
         <BuildableReference
            BuildableIdentifier = "primary"
            BlueprintIdentifier = "BC05D09B1D4308AB00D9D6F3"
            BuildableName = "&#x84dd;&#x7259;One.app"
            BlueprintName = "&#x84dd;&#x7259;One"
            ReferencedContainer = "container:&#x84dd;&#x7259;One.xcodeproj">
         </BuildableReference>
      </BuildableProductRunnable>
   </ProfileAction>
   <AnalyzeAction
      buildConfiguration = "Debug">
   </AnalyzeAction>
   <ArchiveAction
      buildConfiguration = "Release"
      revealArchiveInOrganizer = "YES">
   </ArchiveAction>
</Scheme>
